
Microsoft Visual Studio Solution File, Format Version 12.00
# Visual Studio Version 16
VisualStudioVersion = 16.0.29102.190
MinimumVisualStudioVersion = 10.0.40219.1
Project("{9A19103F-16F7-4668-BE54-9A1E7A4F7556}") = "USFMToolsSharp.Linter", "USFMToolsSharp.Linter\USFMToolsSharp.Linter.csproj", "{80A8BC5A-E131-49E2-AAC1-4ACC46BC2524}"
EndProject
Project("{FAE04EC0-301F-11D3-BF4B-00C04F79EFBC}") = "USFMToolsSharp.Linter.Test", "USFMToolsSharp.Linter.Test\USFMToolsSharp.Linter.Test.csproj", "{9B064FE9-CFD5-4772-9769-60A7153B050F}"
EndProject
Global
	GlobalSection(SolutionConfigurationPlatforms) = preSolution
		Debug|Any CPU = Debug|Any CPU
		Release|Any CPU = Release|Any CPU
	EndGlobalSection
	GlobalSection(ProjectConfigurationPlatforms) = postSolution
		{80A8BC5A-E131-49E2-AAC1-4ACC46BC2524}.Debug|Any CPU.ActiveCfg = Debug|Any CPU
		{80A8BC5A-E131-49E2-AAC1-4ACC46BC2524}.Debug|Any CPU.Build.0 = Debug|Any CPU
		{80A8BC5A-E131-49E2-AAC1-4ACC46BC2524}.Release|Any CPU.ActiveCfg = Release|Any CPU
		{80A8BC5A-E131-49E2-AAC1-4ACC46BC2524}.Release|Any CPU.Build.0 = Release|Any CPU
		{9B064FE9-CFD5-4772-9769-60A7153B050F}.Debug|Any CPU.ActiveCfg = Debug|Any CPU
		{9B064FE9-CFD5-4772-9769-60A7153B050F}.Debug|Any CPU.Build.0 = Debug|Any CPU
		{9B064FE9-CFD5-4772-9769-60A7153B050F}.Release|Any CPU.ActiveCfg = Release|Any CPU
		{9B064FE9-CFD5-4772-9769-60A7153B050F}.Release|Any CPU.Build.0 = Release|Any CPU
	EndGlobalSection
	GlobalSection(SolutionProperties) = preSolution
		HideSolutionNode = FALSE
	EndGlobalSection
	GlobalSection(ExtensibilityGlobals) = postSolution
		SolutionGuid = {4FB73773-0610-4322-8B31-5F2FA9A49AFD}
	EndGlobalSection
EndGlobal
